// !$*UTF8*$!
{
	archiveVersion = 1;
	classes = {
	};
	objectVersion = 56;
	objects = {

/* Begin PBXBuildFile section */
		E40861632A4202F60045BC22 /* CustomTextFieldStyle.swift in Sources */ = {isa = PBXBuildFile; fileRef = E40861622A4202F60045BC22 /* CustomTextFieldStyle.swift */; };
		E44E4C512A5B150800090183 /* Navigate.swift in Sources */ = {isa = PBXBuildFile; fileRef = E44E4C502A5B150800090183 /* Navigate.swift */; };
		E4AB34802A48A8F8003051EF /* TabMenuPlus.swift in Sources */ = {isa = PBXBuildFile; fileRef = E4AB347F2A48A8F8003051EF /* TabMenuPlus.swift */; };
		E4AB34832A49DE9C003051EF /* PassesC.swift in Sources */ = {isa = PBXBuildFile; fileRef = E4AB34822A49DE9C003051EF /* PassesC.swift */; };
		E4AB34852A49DEF8003051EF /* PassesF.swift in Sources */ = {isa = PBXBuildFile; fileRef = E4AB34842A49DEF8003051EF /* PassesF.swift */; };
		E4AB34872A4B096C003051EF /* FloatingLabelTextField.swift in Sources */ = {isa = PBXBuildFile; fileRef = E4AB34862A4B096C003051EF /* FloatingLabelTextField.swift */; };
		E4AB34892A4B0A2A003051EF /* FloatingBorderLabelTextField.swift in Sources */ = {isa = PBXBuildFile; fileRef = E4AB34882A4B0A2A003051EF /* FloatingBorderLabelTextField.swift */; };
		E4B390CD2A34E98E002D0520 /* TripAppApp.swift in Sources */ = {isa = PBXBuildFile; fileRef = E4B390CC2A34E98E002D0520 /* TripAppApp.swift */; };
		E4B390CF2A34E98E002D0520 /* OnBoarding.swift in Sources */ = {isa = PBXBuildFile; fileRef = E4B390CE2A34E98E002D0520 /* OnBoarding.swift */; };
		E4B390D12A34E98F002D0520 /* Assets.xcassets in Resources */ = {isa = PBXBuildFile; fileRef = E4B390D02A34E98F002D0520 /* Assets.xcassets */; };
		E4B390D52A34E98F002D0520 /* Preview Assets.xcassets in Resources */ = {isa = PBXBuildFile; fileRef = E4B390D42A34E98F002D0520 /* Preview Assets.xcassets */; };
		E4C8128E2A4490E8007D3F20 /* Localizable.strings in Resources */ = {isa = PBXBuildFile; fileRef = E4C812902A4490E8007D3F20 /* Localizable.strings */; };
		E4C812932A4492F8007D3F20 /* PassList.swift in Sources */ = {isa = PBXBuildFile; fileRef = E4C812922A4492F8007D3F20 /* PassList.swift */; };
		E4C837622A4E059600C9A723 /* PassesFilled.swift in Sources */ = {isa = PBXBuildFile; fileRef = E4C837612A4E059600C9A723 /* PassesFilled.swift */; };
		E4DEA2082A3F31BA0051F4BA /* PreviewProvider.swift in Sources */ = {isa = PBXBuildFile; fileRef = E4DEA2072A3F31BA0051F4BA /* PreviewProvider.swift */; };
		E4DEA20A2A3F321F0051F4BA /* Resources.swift in Sources */ = {isa = PBXBuildFile; fileRef = E4DEA2092A3F321F0051F4BA /* Resources.swift */; };
		E4DEA20C2A3F32CD0051F4BA /* Text.swift in Sources */ = {isa = PBXBuildFile; fileRef = E4DEA20B2A3F32CD0051F4BA /* Text.swift */; };
		E4DEA20E2A3F35730051F4BA /* Color.swift in Sources */ = {isa = PBXBuildFile; fileRef = E4DEA20D2A3F35730051F4BA /* Color.swift */; };
		E4DEA2112A3F36150051F4BA /* PreviewProviderOption.swift in Sources */ = {isa = PBXBuildFile; fileRef = E4DEA2102A3F36150051F4BA /* PreviewProviderOption.swift */; };
		E4DEA2182A3F386B0051F4BA /* AssetConvertable.swift in Sources */ = {isa = PBXBuildFile; fileRef = E4DEA2172A3F386B0051F4BA /* AssetConvertable.swift */; };
		E4DEA21C2A3F388E0051F4BA /* ColorAsset.swift in Sources */ = {isa = PBXBuildFile; fileRef = E4DEA21B2A3F388E0051F4BA /* ColorAsset.swift */; };
		E4DEA21E2A3F397D0051F4BA /* Colors.xcassets in Resources */ = {isa = PBXBuildFile; fileRef = E4DEA21D2A3F397D0051F4BA /* Colors.xcassets */; };
		E4DEA2202A3F398B0051F4BA /* Images.xcassets in Resources */ = {isa = PBXBuildFile; fileRef = E4DEA21F2A3F398B0051F4BA /* Images.xcassets */; };
		E4DEA2222A3F3CD10051F4BA /* Inter in Resources */ = {isa = PBXBuildFile; fileRef = E4DEA2212A3F3CD10051F4BA /* Inter */; };
		E4DEA2272A3F3D080051F4BA /* Fonts.swift in Sources */ = {isa = PBXBuildFile; fileRef = E4DEA2262A3F3D080051F4BA /* Fonts.swift */; };
		E4DEA2292A40A1980051F4BA /* UserProfile.swift in Sources */ = {isa = PBXBuildFile; fileRef = E4DEA2282A40A1980051F4BA /* UserProfile.swift */; };
		E4EA944B2A56FE350052414F /* ImagePicker.swift in Sources */ = {isa = PBXBuildFile; fileRef = E4EA944A2A56FE350052414F /* ImagePicker.swift */; };
		E4EA944D2A5727470052414F /* AccessCamera.swift in Sources */ = {isa = PBXBuildFile; fileRef = E4EA944C2A5727470052414F /* AccessCamera.swift */; };
		E4F2CBDC2A41EBA70068AEF1 /* TabMenu.swift in Sources */ = {isa = PBXBuildFile; fileRef = E4F2CBDB2A41EBA70068AEF1 /* TabMenu.swift */; };
		E4F2CBDF2A41EC160068AEF1 /* LoginView.swift in Sources */ = {isa = PBXBuildFile; fileRef = E4F2CBDE2A41EC160068AEF1 /* LoginView.swift */; };
/* End PBXBuildFile section */

/* Begin PBXFileReference section */
		E40861622A4202F60045BC22 /* CustomTextFieldStyle.swift */ = {isa = PBXFileReference; lastKnownFileType = sourcecode.swift; path = CustomTextFieldStyle.swift; sourceTree = "<group>"; };
		E44E4C502A5B150800090183 /* Navigate.swift */ = {isa = PBXFileReference; lastKnownFileType = sourcecode.swift; path = Navigate.swift; sourceTree = "<group>"; };
		E4AB347F2A48A8F8003051EF /* TabMenuPlus.swift */ = {isa = PBXFileReference; lastKnownFileType = sourcecode.swift; path = TabMenuPlus.swift; sourceTree = "<group>"; };
		E4AB34822A49DE9C003051EF /* PassesC.swift */ = {isa = PBXFileReference; lastKnownFileType = sourcecode.swift; path = PassesC.swift; sourceTree = "<group>"; };
		E4AB34842A49DEF8003051EF /* PassesF.swift */ = {isa = PBXFileReference; lastKnownFileType = sourcecode.swift; path = PassesF.swift; sourceTree = "<group>"; };
		E4AB34862A4B096C003051EF /* FloatingLabelTextField.swift */ = {isa = PBXFileReference; lastKnownFileType = sourcecode.swift; path = FloatingLabelTextField.swift; sourceTree = "<group>"; };
		E4AB34882A4B0A2A003051EF /* FloatingBorderLabelTextField.swift */ = {isa = PBXFileReference; lastKnownFileType = sourcecode.swift; path = FloatingBorderLabelTextField.swift; sourceTree = "<group>"; };
		E4B390C92A34E98E002D0520 /* TripApp.app */ = {isa = PBXFileReference; explicitFileType = wrapper.application; includeInIndex = 0; path = TripApp.app; sourceTree = BUILT_PRODUCTS_DIR; };
		E4B390CC2A34E98E002D0520 /* TripAppApp.swift */ = {isa = PBXFileReference; lastKnownFileType = sourcecode.swift; path = TripAppApp.swift; sourceTree = "<group>"; };
		E4B390CE2A34E98E002D0520 /* OnBoarding.swift */ = {isa = PBXFileReference; lastKnownFileType = sourcecode.swift; path = OnBoarding.swift; sourceTree = "<group>"; };
		E4B390D02A34E98F002D0520 /* Assets.xcassets */ = {isa = PBXFileReference; lastKnownFileType = folder.assetcatalog; path = Assets.xcassets; sourceTree = "<group>"; };
		E4B390D22A34E98F002D0520 /* TripApp.entitlements */ = {isa = PBXFileReference; lastKnownFileType = text.plist.entitlements; path = TripApp.entitlements; sourceTree = "<group>"; };
		E4B390D42A34E98F002D0520 /* Preview Assets.xcassets */ = {isa = PBXFileReference; lastKnownFileType = folder.assetcatalog; path = "Preview Assets.xcassets"; sourceTree = "<group>"; };
		E4C8128F2A4490E8007D3F20 /* en */ = {isa = PBXFileReference; lastKnownFileType = text.plist.strings; name = en; path = en.lproj/Localizable.strings; sourceTree = "<group>"; };
		E4C812912A4490F3007D3F20 /* ru */ = {isa = PBXFileReference; lastKnownFileType = text.plist.strings; name = ru; path = ru.lproj/Localizable.strings; sourceTree = "<group>"; };
		E4C812922A4492F8007D3F20 /* PassList.swift */ = {isa = PBXFileReference; lastKnownFileType = sourcecode.swift; path = PassList.swift; sourceTree = "<group>"; };
		E4C837602A4CAD5400C9A723 /* Info.plist */ = {isa = PBXFileReference; lastKnownFileType = text.plist; path = Info.plist; sourceTree = "<group>"; };
		E4C837612A4E059600C9A723 /* PassesFilled.swift */ = {isa = PBXFileReference; lastKnownFileType = sourcecode.swift; path = PassesFilled.swift; sourceTree = "<group>"; };
		E4DEA2072A3F31BA0051F4BA /* PreviewProvider.swift */ = {isa = PBXFileReference; lastKnownFileType = sourcecode.swift; path = PreviewProvider.swift; sourceTree = "<group>"; };
		E4DEA2092A3F321F0051F4BA /* Resources.swift */ = {isa = PBXFileReference; lastKnownFileType = sourcecode.swift; path = Resources.swift; sourceTree = "<group>"; };
		E4DEA20B2A3F32CD0051F4BA /* Text.swift */ = {isa = PBXFileReference; lastKnownFileType = sourcecode.swift; path = Text.swift; sourceTree = "<group>"; };
		E4DEA20D2A3F35730051F4BA /* Color.swift */ = {isa = PBXFileReference; lastKnownFileType = sourcecode.swift; path = Color.swift; sourceTree = "<group>"; };
		E4DEA2102A3F36150051F4BA /* PreviewProviderOption.swift */ = {isa = PBXFileReference; lastKnownFileType = sourcecode.swift; path = PreviewProviderOption.swift; sourceTree = "<group>"; };
		E4DEA2172A3F386B0051F4BA /* AssetConvertable.swift */ = {isa = PBXFileReference; lastKnownFileType = sourcecode.swift; path = AssetConvertable.swift; sourceTree = "<group>"; };
		E4DEA21B2A3F388E0051F4BA /* ColorAsset.swift */ = {isa = PBXFileReference; lastKnownFileType = sourcecode.swift; path = ColorAsset.swift; sourceTree = "<group>"; };
		E4DEA21D2A3F397D0051F4BA /* Colors.xcassets */ = {isa = PBXFileReference; lastKnownFileType = folder.assetcatalog; path = Colors.xcassets; sourceTree = "<group>"; };
		E4DEA21F2A3F398B0051F4BA /* Images.xcassets */ = {isa = PBXFileReference; lastKnownFileType = folder.assetcatalog; path = Images.xcassets; sourceTree = "<group>"; };
		E4DEA2212A3F3CD10051F4BA /* Inter */ = {isa = PBXFileReference; lastKnownFileType = folder; path = Inter; sourceTree = "<group>"; };
		E4DEA2262A3F3D080051F4BA /* Fonts.swift */ = {isa = PBXFileReference; lastKnownFileType = sourcecode.swift; path = Fonts.swift; sourceTree = "<group>"; };
		E4DEA2282A40A1980051F4BA /* UserProfile.swift */ = {isa = PBXFileReference; lastKnownFileType = sourcecode.swift; path = UserProfile.swift; sourceTree = "<group>"; };
		E4EA944A2A56FE350052414F /* ImagePicker.swift */ = {isa = PBXFileReference; lastKnownFileType = sourcecode.swift; path = ImagePicker.swift; sourceTree = "<group>"; };
		E4EA944C2A5727470052414F /* AccessCamera.swift */ = {isa = PBXFileReference; lastKnownFileType = sourcecode.swift; path = AccessCamera.swift; sourceTree = "<group>"; };
		E4F2CBDB2A41EBA70068AEF1 /* TabMenu.swift */ = {isa = PBXFileReference; lastKnownFileType = sourcecode.swift; path = TabMenu.swift; sourceTree = "<group>"; };
		E4F2CBDE2A41EC160068AEF1 /* LoginView.swift */ = {isa = PBXFileReference; lastKnownFileType = sourcecode.swift; path = LoginView.swift; sourceTree = "<group>"; };
/* End PBXFileReference section */

/* Begin PBXFrameworksBuildPhase section */
		E4B390C62A34E98E002D0520 /* Frameworks */ = {
			isa = PBXFrameworksBuildPhase;
			buildActionMask = 2147483647;
			files = (
			);
			runOnlyForDeploymentPostprocessing = 0;
		};
/* End PBXFrameworksBuildPhase section */

/* Begin PBXGroup section */
		E4AB34812A49DD46003051EF /* Passes */ = {
			isa = PBXGroup;
			children = (
				E4AB34822A49DE9C003051EF /* PassesC.swift */,
				E4AB34842A49DEF8003051EF /* PassesF.swift */,
				E4C837612A4E059600C9A723 /* PassesFilled.swift */,
			);
			path = Passes;
			sourceTree = "<group>";
		};
		E4B390C02A34E98E002D0520 = {
			isa = PBXGroup;
			children = (
				E4B390CB2A34E98E002D0520 /* TripApp */,
				E4B390CA2A34E98E002D0520 /* Products */,
			);
			sourceTree = "<group>";
		};
		E4B390CA2A34E98E002D0520 /* Products */ = {
			isa = PBXGroup;
			children = (
				E4B390C92A34E98E002D0520 /* TripApp.app */,
			);
			name = Products;
			sourceTree = "<group>";
		};
		E4B390CB2A34E98E002D0520 /* TripApp */ = {
			isa = PBXGroup;
			children = (
				E4C837602A4CAD5400C9A723 /* Info.plist */,
				E4DEA2122A3F36860051F4BA /* Auxiliary */,
				E4DEA2062A3F317D0051F4BA /* Extensions */,
				E4DEA2132A3F37E60051F4BA /* Resources */,
				E4F2CBD92A41EB4B0068AEF1 /* UI */,
				E4B390D02A34E98F002D0520 /* Assets.xcassets */,
				E4B390D22A34E98F002D0520 /* TripApp.entitlements */,
				E4B390D32A34E98F002D0520 /* Preview Content */,
			);
			path = TripApp;
			sourceTree = "<group>";
		};
		E4B390D32A34E98F002D0520 /* Preview Content */ = {
			isa = PBXGroup;
			children = (
				E4B390D42A34E98F002D0520 /* Preview Assets.xcassets */,
			);
			path = "Preview Content";
			sourceTree = "<group>";
		};
		E4DEA2062A3F317D0051F4BA /* Extensions */ = {
			isa = PBXGroup;
			children = (
				E4DEA2072A3F31BA0051F4BA /* PreviewProvider.swift */,
				E4DEA2092A3F321F0051F4BA /* Resources.swift */,
				E4DEA20B2A3F32CD0051F4BA /* Text.swift */,
				E4DEA20D2A3F35730051F4BA /* Color.swift */,
			);
			path = Extensions;
			sourceTree = "<group>";
		};
		E4DEA20F2A3F35FF0051F4BA /* Enumeration */ = {
			isa = PBXGroup;
			children = (
				E4DEA2102A3F36150051F4BA /* PreviewProviderOption.swift */,
			);
			path = Enumeration;
			sourceTree = "<group>";
		};
		E4DEA2122A3F36860051F4BA /* Auxiliary */ = {
			isa = PBXGroup;
			children = (
				E4DEA20F2A3F35FF0051F4BA /* Enumeration */,
				E4DEA2162A3F384B0051F4BA /* Protocols */,
			);
			path = Auxiliary;
			sourceTree = "<group>";
		};
		E4DEA2132A3F37E60051F4BA /* Resources */ = {
			isa = PBXGroup;
			children = (
				E4DEA2142A3F38140051F4BA /* Assets */,
				E4DEA2152A3F381A0051F4BA /* Fonts */,
			);
			name = Resources;
			sourceTree = "<group>";
		};
		E4DEA2142A3F38140051F4BA /* Assets */ = {
			isa = PBXGroup;
			children = (
				E4DEA21D2A3F397D0051F4BA /* Colors.xcassets */,
				E4DEA21F2A3F398B0051F4BA /* Images.xcassets */,
			);
			name = Assets;
			sourceTree = "<group>";
		};
		E4DEA2152A3F381A0051F4BA /* Fonts */ = {
			isa = PBXGroup;
			children = (
				E4DEA2212A3F3CD10051F4BA /* Inter */,
				E4DEA2262A3F3D080051F4BA /* Fonts.swift */,
			);
			name = Fonts;
			sourceTree = "<group>";
		};
		E4DEA2162A3F384B0051F4BA /* Protocols */ = {
			isa = PBXGroup;
			children = (
				E4DEA2172A3F386B0051F4BA /* AssetConvertable.swift */,
				E4DEA21B2A3F388E0051F4BA /* ColorAsset.swift */,
			);
			path = Protocols;
			sourceTree = "<group>";
		};
		E4EA94492A56FE0C0052414F /* Camera */ = {
			isa = PBXGroup;
			children = (
				E4EA944A2A56FE350052414F /* ImagePicker.swift */,
				E4EA944C2A5727470052414F /* AccessCamera.swift */,
			);
			path = Camera;
			sourceTree = "<group>";
		};
		E4F2CBD92A41EB4B0068AEF1 /* UI */ = {
			isa = PBXGroup;
			children = (
				E4AB34812A49DD46003051EF /* Passes */,
				E4EA94492A56FE0C0052414F /* Camera */,
				E4F2CBDA2A41EB8A0068AEF1 /* Navigation */,
				E4F2CBDD2A41EBD20068AEF1 /* Auth_login */,
				E4F2CBE02A41ECE20068AEF1 /* Representations */,
				E4F2CBE12A41EE0D0068AEF1 /* Components */,
				E4B390CE2A34E98E002D0520 /* OnBoarding.swift */,
				E4DEA2282A40A1980051F4BA /* UserProfile.swift */,
				E4C812922A4492F8007D3F20 /* PassList.swift */,
			);
			path = UI;
			sourceTree = "<group>";
		};
		E4F2CBDA2A41EB8A0068AEF1 /* Navigation */ = {
			isa = PBXGroup;
			children = (
				E44E4C502A5B150800090183 /* Navigate.swift */,
				E4F2CBDB2A41EBA70068AEF1 /* TabMenu.swift */,
				E4AB347F2A48A8F8003051EF /* TabMenuPlus.swift */,
			);
			path = Navigation;
			sourceTree = "<group>";
		};
		E4F2CBDD2A41EBD20068AEF1 /* Auth_login */ = {
			isa = PBXGroup;
			children = (
				E4F2CBDE2A41EC160068AEF1 /* LoginView.swift */,
			);
			path = Auth_login;
			sourceTree = "<group>";
		};
		E4F2CBE02A41ECE20068AEF1 /* Representations */ = {
			isa = PBXGroup;
			children = (
				E4B390CC2A34E98E002D0520 /* TripAppApp.swift */,
				E4C812902A4490E8007D3F20 /* Localizable.strings */,
			);
			path = Representations;
			sourceTree = "<group>";
		};
		E4F2CBE12A41EE0D0068AEF1 /* Components */ = {
			isa = PBXGroup;
			children = (
				E40861622A4202F60045BC22 /* CustomTextFieldStyle.swift */,
				E4AB34862A4B096C003051EF /* FloatingLabelTextField.swift */,
				E4AB34882A4B0A2A003051EF /* FloatingBorderLabelTextField.swift */,
			);
			path = Components;
			sourceTree = "<group>";
		};
/* End PBXGroup section */

/* Begin PBXNativeTarget section */
		E4B390C82A34E98E002D0520 /* TripApp */ = {
			isa = PBXNativeTarget;
			buildConfigurationList = E4B390D82A34E98F002D0520 /* Build configuration list for PBXNativeTarget "TripApp" */;
			buildPhases = (
				E4B390C52A34E98E002D0520 /* Sources */,
				E4B390C62A34E98E002D0520 /* Frameworks */,
				E4B390C72A34E98E002D0520 /* Resources */,
			);
			buildRules = (
			);
			dependencies = (
			);
			name = TripApp;
			productName = TripApp;
			productReference = E4B390C92A34E98E002D0520 /* TripApp.app */;
			productType = "com.apple.product-type.application";
		};
/* End PBXNativeTarget section */

/* Begin PBXProject section */
		E4B390C12A34E98E002D0520 /* Project object */ = {
			isa = PBXProject;
			attributes = {
				BuildIndependentTargetsInParallel = 1;
				LastSwiftUpdateCheck = 1430;
				LastUpgradeCheck = 1430;
				TargetAttributes = {
					E4B390C82A34E98E002D0520 = {
						CreatedOnToolsVersion = 14.3.1;
					};
				};
			};
			buildConfigurationList = E4B390C42A34E98E002D0520 /* Build configuration list for PBXProject "TripApp" */;
			compatibilityVersion = "Xcode 14.0";
			developmentRegion = en;
			hasScannedForEncodings = 0;
			knownRegions = (
				en,
				Base,
				ru,
			);
			mainGroup = E4B390C02A34E98E002D0520;
			productRefGroup = E4B390CA2A34E98E002D0520 /* Products */;
			projectDirPath = "";
			projectRoot = "";
			targets = (
				E4B390C82A34E98E002D0520 /* TripApp */,
			);
		};
/* End PBXProject section */

/* Begin PBXResourcesBuildPhase section */
		E4B390C72A34E98E002D0520 /* Resources */ = {
			isa = PBXResourcesBuildPhase;
			buildActionMask = 2147483647;
			files = (
				E4DEA21E2A3F397D0051F4BA /* Colors.xcassets in Resources */,
				E4C8128E2A4490E8007D3F20 /* Localizable.strings in Resources */,
				E4DEA2202A3F398B0051F4BA /* Images.xcassets in Resources */,
				E4B390D52A34E98F002D0520 /* Preview Assets.xcassets in Resources */,
				E4B390D12A34E98F002D0520 /* Assets.xcassets in Resources */,
				E4DEA2222A3F3CD10051F4BA /* Inter in Resources */,
			);
			runOnlyForDeploymentPostprocessing = 0;
		};
/* End PBXResourcesBuildPhase section */

/* Begin PBXSourcesBuildPhase section */
		E4B390C52A34E98E002D0520 /* Sources */ = {
			isa = PBXSourcesBuildPhase;
			buildActionMask = 2147483647;
			files = (
				E44E4C512A5B150800090183 /* Navigate.swift in Sources */,
				E4AB34892A4B0A2A003051EF /* FloatingBorderLabelTextField.swift in Sources */,
				E4AB34872A4B096C003051EF /* FloatingLabelTextField.swift in Sources */,
				E40861632A4202F60045BC22 /* CustomTextFieldStyle.swift in Sources */,
				E4DEA2112A3F36150051F4BA /* PreviewProviderOption.swift in Sources */,
				E4B390CF2A34E98E002D0520 /* OnBoarding.swift in Sources */,
				E4DEA20C2A3F32CD0051F4BA /* Text.swift in Sources */,
				E4EA944D2A5727470052414F /* AccessCamera.swift in Sources */,
				E4DEA20A2A3F321F0051F4BA /* Resources.swift in Sources */,
				E4EA944B2A56FE350052414F /* ImagePicker.swift in Sources */,
				E4DEA21C2A3F388E0051F4BA /* ColorAsset.swift in Sources */,
				E4DEA2292A40A1980051F4BA /* UserProfile.swift in Sources */,
				E4DEA2082A3F31BA0051F4BA /* PreviewProvider.swift in Sources */,
				E4DEA2272A3F3D080051F4BA /* Fonts.swift in Sources */,
				E4AB34852A49DEF8003051EF /* PassesF.swift in Sources */,
				E4F2CBDC2A41EBA70068AEF1 /* TabMenu.swift in Sources */,
				E4C837622A4E059600C9A723 /* PassesFilled.swift in Sources */,
				E4B390CD2A34E98E002D0520 /* TripAppApp.swift in Sources */,
				E4F2CBDF2A41EC160068AEF1 /* LoginView.swift in Sources */,
				E4AB34802A48A8F8003051EF /* TabMenuPlus.swift in Sources */,
				E4AB34832A49DE9C003051EF /* PassesC.swift in Sources */,
				E4DEA2182A3F386B0051F4BA /* AssetConvertable.swift in Sources */,
				E4C812932A4492F8007D3F20 /* PassList.swift in Sources */,
				E4DEA20E2A3F35730051F4BA /* Color.swift in Sources */,
			);
			runOnlyForDeploymentPostprocessing = 0;
		};
/* End PBXSourcesBuildPhase section */

/* Begin PBXVariantGroup section */
		E4C812902A4490E8007D3F20 /* Localizable.strings */ = {
			isa = PBXVariantGroup;
			children = (
				E4C8128F2A4490E8007D3F20 /* en */,
				E4C812912A4490F3007D3F20 /* ru */,
			);
			name = Localizable.strings;
			sourceTree = "<group>";
		};
/* End PBXVariantGroup section */

/* Begin XCBuildConfiguration section */
		E4B390D62A34E98F002D0520 /* Debug */ = {
			isa = XCBuildConfiguration;
			buildSettings = {
				ALWAYS_SEARCH_USER_PATHS = NO;
				CLANG_ANALYZER_NONNULL = YES;
				CLANG_ANALYZER_NUMBER_OBJECT_CONVERSION = YES_AGGRESSIVE;
				CLANG_CXX_LANGUAGE_STANDARD = "gnu++20";
				CLANG_ENABLE_MODULES = YES;
				CLANG_ENABLE_OBJC_ARC = YES;
				CLANG_ENABLE_OBJC_WEAK = YES;
				CLANG_WARN_BLOCK_CAPTURE_AUTORELEASING = YES;
				CLANG_WARN_BOOL_CONVERSION = YES;
				CLANG_WARN_COMMA = YES;
				CLANG_WARN_CONSTANT_CONVERSION = YES;
				CLANG_WARN_DEPRECATED_OBJC_IMPLEMENTATIONS = YES;
				CLANG_WARN_DIRECT_OBJC_ISA_USAGE = YES_ERROR;
				CLANG_WARN_DOCUMENTATION_COMMENTS = YES;
				CLANG_WARN_EMPTY_BODY = YES;
				CLANG_WARN_ENUM_CONVERSION = YES;
				CLANG_WARN_INFINITE_RECURSION = YES;
				CLANG_WARN_INT_CONVERSION = YES;
				CLANG_WARN_NON_LITERAL_NULL_CONVERSION = YES;
				CLANG_WARN_OBJC_IMPLICIT_RETAIN_SELF = YES;
				CLANG_WARN_OBJC_LITERAL_CONVERSION = YES;
				CLANG_WARN_OBJC_ROOT_CLASS = YES_ERROR;
				CLANG_WARN_QUOTED_INCLUDE_IN_FRAMEWORK_HEADER = YES;
				CLANG_WARN_RANGE_LOOP_ANALYSIS = YES;
				CLANG_WARN_STRICT_PROTOTYPES = YES;
				CLANG_WARN_SUSPICIOUS_MOVE = YES;
				CLANG_WARN_UNGUARDED_AVAILABILITY = YES_AGGRESSIVE;
				CLANG_WARN_UNREACHABLE_CODE = YES;
				CLANG_WARN__DUPLICATE_METHOD_MATCH = YES;
				COPY_PHASE_STRIP = NO;
				DEBUG_INFORMATION_FORMAT = dwarf;
				ENABLE_STRICT_OBJC_MSGSEND = YES;
				ENABLE_TESTABILITY = YES;
				GCC_C_LANGUAGE_STANDARD = gnu11;
				GCC_DYNAMIC_NO_PIC = NO;
				GCC_NO_COMMON_BLOCKS = YES;
				GCC_OPTIMIZATION_LEVEL = 0;
				GCC_PREPROCESSOR_DEFINITIONS = (
					"DEBUG=1",
					"$(inherited)",
				);
				GCC_WARN_64_TO_32_BIT_CONVERSION = YES;
				GCC_WARN_ABOUT_RETURN_TYPE = YES_ERROR;
				GCC_WARN_UNDECLARED_SELECTOR = YES;
				GCC_WARN_UNINITIALIZED_AUTOS = YES_AGGRESSIVE;
				GCC_WARN_UNUSED_FUNCTION = YES;
				GCC_WARN_UNUSED_VARIABLE = YES;
				IPHONEOS_DEPLOYMENT_TARGET = 16.0;
				MTL_ENABLE_DEBUG_INFO = INCLUDE_SOURCE;
				MTL_FAST_MATH = YES;
				ONLY_ACTIVE_ARCH = YES;
				SWIFT_ACTIVE_COMPILATION_CONDITIONS = DEBUG;
				SWIFT_OPTIMIZATION_LEVEL = "-Onone";
			};
			name = Debug;
		};
		E4B390D72A34E98F002D0520 /* Release */ = {
			isa = XCBuildConfiguration;
			buildSettings = {
				ALWAYS_SEARCH_USER_PATHS = NO;
				CLANG_ANALYZER_NONNULL = YES;
				CLANG_ANALYZER_NUMBER_OBJECT_CONVERSION = YES_AGGRESSIVE;
				CLANG_CXX_LANGUAGE_STANDARD = "gnu++20";
				CLANG_ENABLE_MODULES = YES;
				CLANG_ENABLE_OBJC_ARC = YES;
				CLANG_ENABLE_OBJC_WEAK = YES;
				CLANG_WARN_BLOCK_CAPTURE_AUTORELEASING = YES;
				CLANG_WARN_BOOL_CONVERSION = YES;
				CLANG_WARN_COMMA = YES;
				CLANG_WARN_CONSTANT_CONVERSION = YES;
				CLANG_WARN_DEPRECATED_OBJC_IMPLEMENTATIONS = YES;
				CLANG_WARN_DIRECT_OBJC_ISA_USAGE = YES_ERROR;
				CLANG_WARN_DOCUMENTATION_COMMENTS = YES;
				CLANG_WARN_EMPTY_BODY = YES;
				CLANG_WARN_ENUM_CONVERSION = YES;
				CLANG_WARN_INFINITE_RECURSION = YES;
				CLANG_WARN_INT_CONVERSION = YES;
				CLANG_WARN_NON_LITERAL_NULL_CONVERSION = YES;
				CLANG_WARN_OBJC_IMPLICIT_RETAIN_SELF = YES;
				CLANG_WARN_OBJC_LITERAL_CONVERSION = YES;
				CLANG_WARN_OBJC_ROOT_CLASS = YES_ERROR;
				CLANG_WARN_QUOTED_INCLUDE_IN_FRAMEWORK_HEADER = YES;
				CLANG_WARN_RANGE_LOOP_ANALYSIS = YES;
				CLANG_WARN_STRICT_PROTOTYPES = YES;
				CLANG_WARN_SUSPICIOUS_MOVE = YES;
				CLANG_WARN_UNGUARDED_AVAILABILITY = YES_AGGRESSIVE;
				CLANG_WARN_UNREACHABLE_CODE = YES;
				CLANG_WARN__DUPLICATE_METHOD_MATCH = YES;
				COPY_PHASE_STRIP = NO;
				DEBUG_INFORMATION_FORMAT = "dwarf-with-dsym";
				ENABLE_NS_ASSERTIONS = NO;
				ENABLE_STRICT_OBJC_MSGSEND = YES;
				GCC_C_LANGUAGE_STANDARD = gnu11;
				GCC_NO_COMMON_BLOCKS = YES;
				GCC_WARN_64_TO_32_BIT_CONVERSION = YES;
				GCC_WARN_ABOUT_RETURN_TYPE = YES_ERROR;
				GCC_WARN_UNDECLARED_SELECTOR = YES;
				GCC_WARN_UNINITIALIZED_AUTOS = YES_AGGRESSIVE;
				GCC_WARN_UNUSED_FUNCTION = YES;
				GCC_WARN_UNUSED_VARIABLE = YES;
				IPHONEOS_DEPLOYMENT_TARGET = 16.0;
				MTL_ENABLE_DEBUG_INFO = NO;
				MTL_FAST_MATH = YES;
				SWIFT_COMPILATION_MODE = wholemodule;
				SWIFT_OPTIMIZATION_LEVEL = "-O";
			};
			name = Release;
		};
		E4B390D92A34E98F002D0520 /* Debug */ = {
			isa = XCBuildConfiguration;
			buildSettings = {
				ASSETCATALOG_COMPILER_APPICON_NAME = AppIcon;
				ASSETCATALOG_COMPILER_GLOBAL_ACCENT_COLOR_NAME = AccentColor;
				CODE_SIGN_ENTITLEMENTS = TripApp/TripApp.entitlements;
				CODE_SIGN_STYLE = Automatic;
				CURRENT_PROJECT_VERSION = 1;
				DEVELOPMENT_ASSET_PATHS = "\"TripApp/Preview Content\"";
				DEVELOPMENT_TEAM = 748RM22H5Z;
				ENABLE_HARDENED_RUNTIME = YES;
				ENABLE_PREVIEWS = YES;
				GENERATE_INFOPLIST_FILE = YES;
				INFOPLIST_FILE = TripApp/Info.plist;
				INFOPLIST_KEY_LSApplicationCategoryType = "";
				INFOPLIST_KEY_NSCameraUsageDescription = TripApp;
				INFOPLIST_KEY_NSPhotoLibraryUsageDescription = "";
				"INFOPLIST_KEY_UIApplicationSceneManifest_Generation[sdk=iphoneos*]" = YES;
				"INFOPLIST_KEY_UIApplicationSceneManifest_Generation[sdk=iphonesimulator*]" = YES;
				"INFOPLIST_KEY_UIApplicationSupportsIndirectInputEvents[sdk=iphoneos*]" = YES;
				"INFOPLIST_KEY_UIApplicationSupportsIndirectInputEvents[sdk=iphonesimulator*]" = YES;
				"INFOPLIST_KEY_UILaunchScreen_Generation[sdk=iphoneos*]" = YES;
				"INFOPLIST_KEY_UILaunchScreen_Generation[sdk=iphonesimulator*]" = YES;
				"INFOPLIST_KEY_UIStatusBarStyle[sdk=iphoneos*]" = UIStatusBarStyleDefault;
				"INFOPLIST_KEY_UIStatusBarStyle[sdk=iphonesimulator*]" = UIStatusBarStyleDefault;
				INFOPLIST_KEY_UISupportedInterfaceOrientations_iPad = "UIInterfaceOrientationPortrait UIInterfaceOrientationPortraitUpsideDown UIInterfaceOrientationLandscapeLeft UIInterfaceOrientationLandscapeRight";
				INFOPLIST_KEY_UISupportedInterfaceOrientations_iPhone = "UIInterfaceOrientationPortrait UIInterfaceOrientationLandscapeLeft UIInterfaceOrientationLandscapeRight";
				IPHONEOS_DEPLOYMENT_TARGET = 16.0;
				LD_RUNPATH_SEARCH_PATHS = "@executable_path/Frameworks";
				"LD_RUNPATH_SEARCH_PATHS[sdk=macosx*]" = "@executable_path/../Frameworks";
				MACOSX_DEPLOYMENT_TARGET = 13.3;
				MARKETING_VERSION = 1.0;
				PRODUCT_BUNDLE_IDENTIFIER = EliId.TripApp;
				PRODUCT_NAME = "$(TARGET_NAME)";
				SDKROOT = auto;
				SUPPORTED_PLATFORMS = "iphoneos iphonesimulator macosx";
				SWIFT_EMIT_LOC_STRINGS = YES;
				SWIFT_VERSION = 5.0;
				TARGETED_DEVICE_FAMILY = "1,2";
			};
			name = Debug;
		};
		E4B390DA2A34E98F002D0520 /* Release */ = {
			isa = XCBuildConfiguration;
			buildSettings = {
				ASSETCATALOG_COMPILER_APPICON_NAME = AppIcon;
				ASSETCATALOG_COMPILER_GLOBAL_ACCENT_COLOR_NAME = AccentColor;
				CODE_SIGN_ENTITLEMENTS = TripApp/TripApp.entitlements;
				CODE_SIGN_STYLE = Automatic;
				CURRENT_PROJECT_VERSION = 1;
				DEVELOPMENT_ASSET_PATHS = "\"TripApp/Preview Content\"";
				DEVELOPMENT_TEAM = 748RM22H5Z;
				ENABLE_HARDENED_RUNTIME = YES;
				ENABLE_PREVIEWS = YES;
				GENERATE_INFOPLIST_FILE = YES;
				INFOPLIST_FILE = TripApp/Info.plist;
				INFOPLIST_KEY_LSApplicationCategoryType = "";
				INFOPLIST_KEY_NSCameraUsageDescription = TripApp;
				INFOPLIST_KEY_NSPhotoLibraryUsageDescription = "";
				"INFOPLIST_KEY_UIApplicationSceneManifest_Generation[sdk=iphoneos*]" = YES;
				"INFOPLIST_KEY_UIApplicationSceneManifest_Generation[sdk=iphonesimulator*]" = YES;
				"INFOPLIST_KEY_UIApplicationSupportsIndirectInputEvents[sdk=iphoneos*]" = YES;
				"INFOPLIST_KEY_UIApplicationSupportsIndirectInputEvents[sdk=iphonesimulator*]" = YES;
				"INFOPLIST_KEY_UILaunchScreen_Generation[sdk=iphoneos*]" = YES;
				"INFOPLIST_KEY_UILaunchScreen_Generation[sdk=iphonesimulator*]" = YES;
				"INFOPLIST_KEY_UIStatusBarStyle[sdk=iphoneos*]" = UIStatusBarStyleDefault;
				"INFOPLIST_KEY_UIStatusBarStyle[sdk=iphonesimulator*]" = UIStatusBarStyleDefault;
				INFOPLIST_KEY_UISupportedInterfaceOrientations_iPad = "UIInterfaceOrientationPortrait UIInterfaceOrientationPortraitUpsideDown UIInterfaceOrientationLandscapeLeft UIInterfaceOrientationLandscapeRight";
				INFOPLIST_KEY_UISupportedInterfaceOrientations_iPhone = "UIInterfaceOrientationPortrait UIInterfaceOrientationLandscapeLeft UIInterfaceOrientationLandscapeRight";
				IPHONEOS_DEPLOYMENT_TARGET = 16.0;
				LD_RUNPATH_SEARCH_PATHS = "@executable_path/Frameworks";
				"LD_RUNPATH_SEARCH_PATHS[sdk=macosx*]" = "@executable_path/../Frameworks";
				MACOSX_DEPLOYMENT_TARGET = 13.3;
				MARKETING_VERSION = 1.0;
				PRODUCT_BUNDLE_IDENTIFIER = EliId.TripApp;
				PRODUCT_NAME = "$(TARGET_NAME)";
				SDKROOT = auto;
				SUPPORTED_PLATFORMS = "iphoneos iphonesimulator macosx";
				SWIFT_EMIT_LOC_STRINGS = YES;
				SWIFT_VERSION = 5.0;
				TARGETED_DEVICE_FAMILY = "1,2";
			};
			name = Release;
		};
/* End XCBuildConfiguration section */

/* Begin XCConfigurationList section */
		E4B390C42A34E98E002D0520 /* Build configuration list for PBXProject "TripApp" */ = {
			isa = XCConfigurationList;
			buildConfigurations = (
				E4B390D62A34E98F002D0520 /* Debug */,
				E4B390D72A34E98F002D0520 /* Release */,
			);
			defaultConfigurationIsVisible = 0;
			defaultConfigurationName = Release;
		};
		E4B390D82A34E98F002D0520 /* Build configuration list for PBXNativeTarget "TripApp" */ = {
			isa = XCConfigurationList;
			buildConfigurations = (
				E4B390D92A34E98F002D0520 /* Debug */,
				E4B390DA2A34E98F002D0520 /* Release */,
			);
			defaultConfigurationIsVisible = 0;
			defaultConfigurationName = Release;
		};
/* End XCConfigurationList section */
	};
	rootObject = E4B390C12A34E98E002D0520 /* Project object */;
}
